# THIS IS AN AUTOGENERATED FILE. DO NOT EDIT THIS FILE DIRECTLY.
# yarn lockfile v1


"@vertx/auth-common@3.9.0":
  version "3.9.0"
  resolved "https://registry.npm.taobao.org/@vertx/auth-common/download/@vertx/auth-common-3.9.0.tgz#f9b34942e4b077676d3445bb6d1d9b3de967a1cb"
  integrity sha1-+bNJQuSwd2dtNEW7bR2bPelnocs=
  dependencies:
    "@vertx/core" "3.9.0"

"@vertx/auth-jwt@^3.9.0":
  version "3.9.0"
  resolved "https://registry.npm.taobao.org/@vertx/auth-jwt/download/@vertx/auth-jwt-3.9.0.tgz#1288e34d1305fe75650d73fbe1329d81ae1d2d15"
  integrity sha1-EojjTRMF/nVlDXP74TKdga4dLRU=
  dependencies:
    "@vertx/auth-common" "3.9.0"
    "@vertx/core" "3.9.0"
    "@vertx/jwt" "3.9.0"

"@vertx/auth-mongo@^3.9.0":
  version "3.9.0"
  resolved "https://registry.npm.taobao.org/@vertx/auth-mongo/download/@vertx/auth-mongo-3.9.0.tgz#7e2a3ac0990be1271263deae4e49f8ea96454ac1"
  integrity sha1-fio6wJkL4ScSY96uTkn46pZFSsE=
  dependencies:
    "@vertx/auth-common" "3.9.0"
    "@vertx/core" "3.9.0"
    "@vertx/mongo-client" "3.9.0"

"@vertx/core@3.9.0", "@vertx/core@^3.9.0":
  version "3.9.0"
  resolved "https://registry.npm.taobao.org/@vertx/core/download/@vertx/core-3.9.0.tgz#ced205501a6c33ccc0300982770cf350fd4fd36e"
  integrity sha1-ztIFUBpsM8zAMAmCdwzzUP1P024=

"@vertx/jwt@3.9.0":
  version "3.9.0"
  resolved "https://registry.npm.taobao.org/@vertx/jwt/download/@vertx/jwt-3.9.0.tgz#9735aacdf3c799069bdd72d10738619ecdfae7b8"
  integrity sha1-lzWqzfPHmQab3XLRBzhhns3657g=
  dependencies:
    "@vertx/core" "3.9.0"

"@vertx/mongo-client@3.9.0", "@vertx/mongo-client@^3.9.0":
  version "3.9.0"
  resolved "https://registry.npm.taobao.org/@vertx/mongo-client/download/@vertx/mongo-client-3.9.0.tgz#0ad3935710e4b52df980d5cd423e2c220885a571"
  integrity sha1-CtOTVxDktS35gNXNQj4sIgiFpXE=
  dependencies:
    "@vertx/core" "3.9.0"

"@vertx/unit@^3.9.0":
  version "3.9.0"
  resolved "https://registry.npm.taobao.org/@vertx/unit/download/@vertx/unit-3.9.0.tgz#1c49f41a0e9451a08bf79c8efff2b3bc17300d13"
  integrity sha1-HEn0Gg6UUaCL95yO//KzvBcwDRM=
  dependencies:
    "@vertx/core" "3.9.0"

es4x-pm@^0.11.0:
  version "0.11.0"
  resolved "https://registry.npm.taobao.org/es4x-pm/download/es4x-pm-0.11.0.tgz#1b114a57118222a72d087a9770d6577ffc4ad619"
  integrity sha1-GxFKVxGCIqctCHqXcNZXf/xK1hk=

typescript@^3.8:
  version "3.9.2"
  resolved "https://registry.npm.taobao.org/typescript/download/typescript-3.9.2.tgz?cache=0&sync_timestamp=1589699667442&other_urls=https%3A%2F%2Fregistry.npm.taobao.org%2Ftypescript%2Fdownload%2Ftypescript-3.9.2.tgz#64e9c8e9be6ea583c54607677dd4680a1cf35db9"
  integrity sha1-ZOnI6b5upYPFRgdnfdRoChzzXbk=
