# THIS IS AN AUTOGENERATED FILE. DO NOT EDIT THIS FILE DIRECTLY.
# yarn lockfile v1


"@vertx/auth-common@3.9.1":
  version "3.9.1"
  resolved "https://registry.npm.taobao.org/@vertx/auth-common/download/@vertx/auth-common-3.9.1.tgz#caf2478fa35a590a022ccc7db4f9067bf4ea9a39"
  integrity sha1-yvJHj6NaWQoCLMx9tPkGe/Tqmjk=
  dependencies:
    "@vertx/core" "3.9.1"

"@vertx/auth-mongo@^3.9.1":
  version "3.9.1"
  resolved "https://registry.npm.taobao.org/@vertx/auth-mongo/download/@vertx/auth-mongo-3.9.1.tgz#fe6b9d689eb2d878fc619063bb7637d339898ad1"
  integrity sha1-/mudaJ6y2Hj8YZBju3Y30zmJitE=
  dependencies:
    "@vertx/auth-common" "3.9.1"
    "@vertx/core" "3.9.1"
    "@vertx/mongo-client" "3.9.1"

"@vertx/bridge-common@3.9.1":
  version "3.9.1"
  resolved "https://registry.npm.taobao.org/@vertx/bridge-common/download/@vertx/bridge-common-3.9.1.tgz#ef3c2762ece0e1ac64c89ce9b879c0e46fb8394c"
  integrity sha1-7zwnYuzg4axkyJzpuHnA5G+4OUw=
  dependencies:
    "@vertx/core" "3.9.1"

"@vertx/core@3.9.1", "@vertx/core@^3.9.1":
  version "3.9.1"
  resolved "https://registry.npm.taobao.org/@vertx/core/download/@vertx/core-3.9.1.tgz#5a4efcb5681f458fab8bf30fc780336c9313d6fc"
  integrity sha1-Wk78tWgfRY+ri/MPx4AzbJMT1vw=

"@vertx/mongo-client@3.9.1", "@vertx/mongo-client@^3.9.1":
  version "3.9.1"
  resolved "https://registry.npm.taobao.org/@vertx/mongo-client/download/@vertx/mongo-client-3.9.1.tgz#9fd7584b9a4c4555564e8c512644569cffff1a4c"
  integrity sha1-n9dYS5pMRVVWToxRJkRWnP//Gkw=
  dependencies:
    "@vertx/core" "3.9.1"

"@vertx/unit@^3.9.1":
  version "3.9.1"
  resolved "https://registry.npm.taobao.org/@vertx/unit/download/@vertx/unit-3.9.1.tgz#793dc02d3b0daba75ec05dc638b55795abcf65de"
  integrity sha1-eT3ALTsNq6dewF3GOLVXlavPZd4=
  dependencies:
    "@vertx/core" "3.9.1"

"@vertx/web-common@3.9.1":
  version "3.9.1"
  resolved "https://registry.npm.taobao.org/@vertx/web-common/download/@vertx/web-common-3.9.1.tgz#7014f1cad6a7691c3b5aecff09cedb7e75a45e23"
  integrity sha1-cBTxytanaRw7Wuz/Cc7bfnWkXiM=
  dependencies:
    "@vertx/core" "3.9.1"

"@vertx/web@^3.9.1":
  version "3.9.1"
  resolved "https://registry.npm.taobao.org/@vertx/web/download/@vertx/web-3.9.1.tgz#cfba511ea3ff800b73b27681bf800f4849102287"
  integrity sha1-z7pRHqP/gAtzsnaBv4APSEkQIoc=
  dependencies:
    "@vertx/auth-common" "3.9.1"
    "@vertx/bridge-common" "3.9.1"
    "@vertx/core" "3.9.1"
    "@vertx/web-common" "3.9.1"

es4x-pm@^0.12.0:
  version "0.12.0"
  resolved "https://registry.npm.taobao.org/es4x-pm/download/es4x-pm-0.12.0.tgz#05fb22f5390c4041835086f70a45d31b41b66ae9"
  integrity sha1-Bfsi9TkMQEGDUIb3CkXTG0G2auk=

typescript@^3.9.3:
  version "3.9.3"
  resolved "https://registry.npm.taobao.org/typescript/download/typescript-3.9.3.tgz#d3ac8883a97c26139e42df5e93eeece33d610b8a"
  integrity sha1-06yIg6l8JhOeQt9ek+7s4z1hC4o=
